// !$*UTF8*$!
{
	archiveVersion = 1;
	classes = {
	};
	objectVersion = 50;
	objects = {

/* Begin PBXBuildFile section */
		29496CFF218835CB00C7438B /* AppDelegate.m in Sources */ = {isa = PBXBuildFile; fileRef = 29496CFE218835CB00C7438B /* AppDelegate.m */; };
		29496D05218835CC00C7438B /* Main.storyboard in Resources */ = {isa = PBXBuildFile; fileRef = 29496D03218835CC00C7438B /* Main.storyboard */; };
		29496D07218835CD00C7438B /* Assets.xcassets in Resources */ = {isa = PBXBuildFile; fileRef = 29496D06218835CD00C7438B /* Assets.xcassets */; };
		29496D0A218835CD00C7438B /* LaunchScreen.storyboard in Resources */ = {isa = PBXBuildFile; fileRef = 29496D08218835CD00C7438B /* LaunchScreen.storyboard */; };
		29496D0D218835CD00C7438B /* main.m in Sources */ = {isa = PBXBuildFile; fileRef = 29496D0C218835CD00C7438B /* main.m */; };
		29496D162188366700C7438B /* DJRouter.m in Sources */ = {isa = PBXBuildFile; fileRef = 29496D152188366700C7438B /* DJRouter.m */; };
		29496D202188373900C7438B /* AppDelegate+Router.m in Sources */ = {isa = PBXBuildFile; fileRef = 29496D1A2188373900C7438B /* AppDelegate+Router.m */; };
		29496D212188373900C7438B /* SBNameConst.m in Sources */ = {isa = PBXBuildFile; fileRef = 29496D1D2188373900C7438B /* SBNameConst.m */; };
		29496D222188373900C7438B /* RouterConst.m in Sources */ = {isa = PBXBuildFile; fileRef = 29496D1E2188373900C7438B /* RouterConst.m */; };
		29496D2A2188374C00C7438B /* ViewController.m in Sources */ = {isa = PBXBuildFile; fileRef = 29496D252188374B00C7438B /* ViewController.m */; };
		29496D2B2188374C00C7438B /* SecondViewController.m in Sources */ = {isa = PBXBuildFile; fileRef = 29496D272188374B00C7438B /* SecondViewController.m */; };
		29496D2C2188374C00C7438B /* ThirdViewController.m in Sources */ = {isa = PBXBuildFile; fileRef = 29496D282188374C00C7438B /* ThirdViewController.m */; };
/* End PBXBuildFile section */

/* Begin PBXFileReference section */
		29496CFA218835CB00C7438B /* DJRouterDemo.app */ = {isa = PBXFileReference; explicitFileType = wrapper.application; includeInIndex = 0; path = DJRouterDemo.app; sourceTree = BUILT_PRODUCTS_DIR; };
		29496CFD218835CB00C7438B /* AppDelegate.h */ = {isa = PBXFileReference; lastKnownFileType = sourcecode.c.h; path = AppDelegate.h; sourceTree = "<group>"; };
		29496CFE218835CB00C7438B /* AppDelegate.m */ = {isa = PBXFileReference; lastKnownFileType = sourcecode.c.objc; path = AppDelegate.m; sourceTree = "<group>"; };
		29496D04218835CC00C7438B /* Base */ = {isa = PBXFileReference; lastKnownFileType = file.storyboard; name = Base; path = Base.lproj/Main.storyboard; sourceTree = "<group>"; };
		29496D06218835CD00C7438B /* Assets.xcassets */ = {isa = PBXFileReference; lastKnownFileType = folder.assetcatalog; path = Assets.xcassets; sourceTree = "<group>"; };
		29496D09218835CD00C7438B /* Base */ = {isa = PBXFileReference; lastKnownFileType = file.storyboard; name = Base; path = Base.lproj/LaunchScreen.storyboard; sourceTree = "<group>"; };
		29496D0B218835CD00C7438B /* Info.plist */ = {isa = PBXFileReference; lastKnownFileType = text.plist.xml; path = Info.plist; sourceTree = "<group>"; };
		29496D0C218835CD00C7438B /* main.m */ = {isa = PBXFileReference; lastKnownFileType = sourcecode.c.objc; path = main.m; sourceTree = "<group>"; };
		29496D142188366700C7438B /* DJRouter.h */ = {isa = PBXFileReference; lastKnownFileType = sourcecode.c.h; path = DJRouter.h; sourceTree = "<group>"; };
		29496D152188366700C7438B /* DJRouter.m */ = {isa = PBXFileReference; lastKnownFileType = sourcecode.c.objc; path = DJRouter.m; sourceTree = "<group>"; };
		29496D192188373900C7438B /* AppDelegate+Router.h */ = {isa = PBXFileReference; fileEncoding = 4; lastKnownFileType = sourcecode.c.h; path = "AppDelegate+Router.h"; sourceTree = "<group>"; };
		29496D1A2188373900C7438B /* AppDelegate+Router.m */ = {isa = PBXFileReference; fileEncoding = 4; lastKnownFileType = sourcecode.c.objc; path = "AppDelegate+Router.m"; sourceTree = "<group>"; };
		29496D1C2188373900C7438B /* RouterConst.h */ = {isa = PBXFileReference; fileEncoding = 4; lastKnownFileType = sourcecode.c.h; path = RouterConst.h; sourceTree = "<group>"; };
		29496D1D2188373900C7438B /* SBNameConst.m */ = {isa = PBXFileReference; fileEncoding = 4; lastKnownFileType = sourcecode.c.objc; path = SBNameConst.m; sourceTree = "<group>"; };
		29496D1E2188373900C7438B /* RouterConst.m */ = {isa = PBXFileReference; fileEncoding = 4; lastKnownFileType = sourcecode.c.objc; path = RouterConst.m; sourceTree = "<group>"; };
		29496D1F2188373900C7438B /* SBNameConst.h */ = {isa = PBXFileReference; fileEncoding = 4; lastKnownFileType = sourcecode.c.h; path = SBNameConst.h; sourceTree = "<group>"; };
		29496D242188374B00C7438B /* SecondViewController.h */ = {isa = PBXFileReference; fileEncoding = 4; lastKnownFileType = sourcecode.c.h; path = SecondViewController.h; sourceTree = "<group>"; };
		29496D252188374B00C7438B /* ViewController.m */ = {isa = PBXFileReference; fileEncoding = 4; lastKnownFileType = sourcecode.c.objc; path = ViewController.m; sourceTree = "<group>"; };
		29496D262188374B00C7438B /* ThirdViewController.h */ = {isa = PBXFileReference; fileEncoding = 4; lastKnownFileType = sourcecode.c.h; path = ThirdViewController.h; sourceTree = "<group>"; };
		29496D272188374B00C7438B /* SecondViewController.m */ = {isa = PBXFileReference; fileEncoding = 4; lastKnownFileType = sourcecode.c.objc; path = SecondViewController.m; sourceTree = "<group>"; };
		29496D282188374C00C7438B /* ThirdViewController.m */ = {isa = PBXFileReference; fileEncoding = 4; lastKnownFileType = sourcecode.c.objc; path = ThirdViewController.m; sourceTree = "<group>"; };
		29496D292188374C00C7438B /* ViewController.h */ = {isa = PBXFileReference; fileEncoding = 4; lastKnownFileType = sourcecode.c.h; path = ViewController.h; sourceTree = "<group>"; };
		29496D2E218837E100C7438B /* PrefixHeader.pch */ = {isa = PBXFileReference; lastKnownFileType = sourcecode.c.h; path = PrefixHeader.pch; sourceTree = "<group>"; };
/* End PBXFileReference section */

/* Begin PBXFrameworksBuildPhase section */
		29496CF7218835CB00C7438B /* Frameworks */ = {
			isa = PBXFrameworksBuildPhase;
			buildActionMask = 2147483647;
			files = (
			);
			runOnlyForDeploymentPostprocessing = 0;
		};
/* End PBXFrameworksBuildPhase section */

/* Begin PBXGroup section */
		29496CF1218835CB00C7438B = {
			isa = PBXGroup;
			children = (
				29496CFC218835CB00C7438B /* DJRouterDemo */,
				29496CFB218835CB00C7438B /* Products */,
			);
			sourceTree = "<group>";
		};
		29496CFB218835CB00C7438B /* Products */ = {
			isa = PBXGroup;
			children = (
				29496CFA218835CB00C7438B /* DJRouterDemo.app */,
			);
			name = Products;
			sourceTree = "<group>";
		};
		29496CFC218835CB00C7438B /* DJRouterDemo */ = {
			isa = PBXGroup;
			children = (
				29496CFD218835CB00C7438B /* AppDelegate.h */,
				29496CFE218835CB00C7438B /* AppDelegate.m */,
				29496D132188364100C7438B /* DJRouter */,
				29496D172188373900C7438B /* RouteConfig */,
				29496D232188374B00C7438B /* Controller */,
				29496D2D2188379400C7438B /* Support Files */,
			);
			path = DJRouterDemo;
			sourceTree = "<group>";
		};
		29496D132188364100C7438B /* DJRouter */ = {
			isa = PBXGroup;
			children = (
				29496D142188366700C7438B /* DJRouter.h */,
				29496D152188366700C7438B /* DJRouter.m */,
			);
			path = DJRouter;
			sourceTree = "<group>";
		};
		29496D172188373900C7438B /* RouteConfig */ = {
			isa = PBXGroup;
			children = (
				29496D182188373900C7438B /* Category */,
				29496D1B2188373900C7438B /* Const */,
			);
			path = RouteConfig;
			sourceTree = "<group>";
		};
		29496D182188373900C7438B /* Category */ = {
			isa = PBXGroup;
			children = (
				29496D192188373900C7438B /* AppDelegate+Router.h */,
				29496D1A2188373900C7438B /* AppDelegate+Router.m */,
			);
			path = Category;
			sourceTree = "<group>";
		};
		29496D1B2188373900C7438B /* Const */ = {
			isa = PBXGroup;
			children = (
				29496D1C2188373900C7438B /* RouterConst.h */,
				29496D1D2188373900C7438B /* SBNameConst.m */,
				29496D1E2188373900C7438B /* RouterConst.m */,
				29496D1F2188373900C7438B /* SBNameConst.h */,
			);
			path = Const;
			sourceTree = "<group>";
		};
		29496D232188374B00C7438B /* Controller */ = {
			isa = PBXGroup;
			children = (
				29496D242188374B00C7438B /* SecondViewController.h */,
				29496D252188374B00C7438B /* ViewController.m */,
				29496D262188374B00C7438B /* ThirdViewController.h */,
				29496D272188374B00C7438B /* SecondViewController.m */,
				29496D282188374C00C7438B /* ThirdViewController.m */,
				29496D292188374C00C7438B /* ViewController.h */,
			);
			path = Controller;
			sourceTree = "<group>";
		};
		29496D2D2188379400C7438B /* Support Files */ = {
			isa = PBXGroup;
			children = (
				29496D0C218835CD00C7438B /* main.m */,
				29496D0B218835CD00C7438B /* Info.plist */,
				29496D06218835CD00C7438B /* Assets.xcassets */,
				29496D03218835CC00C7438B /* Main.storyboard */,
				29496D08218835CD00C7438B /* LaunchScreen.storyboard */,
				29496D2E218837E100C7438B /* PrefixHeader.pch */,
			);
			name = "Support Files";
			sourceTree = "<group>";
		};
/* End PBXGroup section */

/* Begin PBXNativeTarget section */
		29496CF9218835CB00C7438B /* DJRouterDemo */ = {
			isa = PBXNativeTarget;
			buildConfigurationList = 29496D10218835CD00C7438B /* Build configuration list for PBXNativeTarget "DJRouterDemo" */;
			buildPhases = (
				29496CF6218835CB00C7438B /* Sources */,
				29496CF7218835CB00C7438B /* Frameworks */,
				29496CF8218835CB00C7438B /* Resources */,
			);
			buildRules = (
			);
			dependencies = (
			);
			name = DJRouterDemo;
			productName = DJRouterDemo;
			productReference = 29496CFA218835CB00C7438B /* DJRouterDemo.app */;
			productType = "com.apple.product-type.application";
		};
/* End PBXNativeTarget section */

/* Begin PBXProject section */
		29496CF2218835CB00C7438B /* Project object */ = {
			isa = PBXProject;
			attributes = {
				LastUpgradeCheck = 1000;
				ORGANIZATIONNAME = JefferDevs;
				TargetAttributes = {
					29496CF9218835CB00C7438B = {
						CreatedOnToolsVersion = 10.0;
					};
				};
			};
			buildConfigurationList = 29496CF5218835CB00C7438B /* Build configuration list for PBXProject "DJRouterDemo" */;
			compatibilityVersion = "Xcode 9.3";
			developmentRegion = en;
			hasScannedForEncodings = 0;
			knownRegions = (
				en,
				Base,
			);
			mainGroup = 29496CF1218835CB00C7438B;
			productRefGroup = 29496CFB218835CB00C7438B /* Products */;
			projectDirPath = "";
			projectRoot = "";
			targets = (
				29496CF9218835CB00C7438B /* DJRouterDemo */,
			);
		};
/* End PBXProject section */

/* Begin PBXResourcesBuildPhase section */
		29496CF8218835CB00C7438B /* Resources */ = {
			isa = PBXResourcesBuildPhase;
			buildActionMask = 2147483647;
			files = (
				29496D0A218835CD00C7438B /* LaunchScreen.storyboard in Resources */,
				29496D07218835CD00C7438B /* Assets.xcassets in Resources */,
				29496D05218835CC00C7438B /* Main.storyboard in Resources */,
			);
			runOnlyForDeploymentPostprocessing = 0;
		};
/* End PBXResourcesBuildPhase section */

/* Begin PBXSourcesBuildPhase section */
		29496CF6218835CB00C7438B /* Sources */ = {
			isa = PBXSourcesBuildPhase;
			buildActionMask = 2147483647;
			files = (
				29496D2B2188374C00C7438B /* SecondViewController.m in Sources */,
				29496D162188366700C7438B /* DJRouter.m in Sources */,
				29496D2A2188374C00C7438B /* ViewController.m in Sources */,
				29496D0D218835CD00C7438B /* main.m in Sources */,
				29496D202188373900C7438B /* AppDelegate+Router.m in Sources */,
				29496D2C2188374C00C7438B /* ThirdViewController.m in Sources */,
				29496D222188373900C7438B /* RouterConst.m in Sources */,
				29496CFF218835CB00C7438B /* AppDelegate.m in Sources */,
				29496D212188373900C7438B /* SBNameConst.m in Sources */,
			);
			runOnlyForDeploymentPostprocessing = 0;
		};
/* End PBXSourcesBuildPhase section */

/* Begin PBXVariantGroup section */
		29496D03218835CC00C7438B /* Main.storyboard */ = {
			isa = PBXVariantGroup;
			children = (
				29496D04218835CC00C7438B /* Base */,
			);
			name = Main.storyboard;
			sourceTree = "<group>";
		};
		29496D08218835CD00C7438B /* LaunchScreen.storyboard */ = {
			isa = PBXVariantGroup;
			children = (
				29496D09218835CD00C7438B /* Base */,
			);
			name = LaunchScreen.storyboard;
			sourceTree = "<group>";
		};
/* End PBXVariantGroup section */

/* Begin XCBuildConfiguration section */
		29496D0E218835CD00C7438B /* Debug */ = {
			isa = XCBuildConfiguration;
			buildSettings = {
				ALWAYS_SEARCH_USER_PATHS = NO;
				CLANG_ANALYZER_NONNULL = YES;
				CLANG_ANALYZER_NUMBER_OBJECT_CONVERSION = YES_AGGRESSIVE;
				CLANG_CXX_LANGUAGE_STANDARD = "gnu++14";
				CLANG_CXX_LIBRARY = "libc++";
				CLANG_ENABLE_MODULES = YES;
				CLANG_ENABLE_OBJC_ARC = YES;
				CLANG_ENABLE_OBJC_WEAK = YES;
				CLANG_WARN_BLOCK_CAPTURE_AUTORELEASING = YES;
				CLANG_WARN_BOOL_CONVERSION = YES;
				CLANG_WARN_COMMA = YES;
				CLANG_WARN_CONSTANT_CONVERSION = YES;
				CLANG_WARN_DEPRECATED_OBJC_IMPLEMENTATIONS = YES;
				CLANG_WARN_DIRECT_OBJC_ISA_USAGE = YES_ERROR;
				CLANG_WARN_DOCUMENTATION_COMMENTS = YES;
				CLANG_WARN_EMPTY_BODY = YES;
				CLANG_WARN_ENUM_CONVERSION = YES;
				CLANG_WARN_INFINITE_RECURSION = YES;
				CLANG_WARN_INT_CONVERSION = YES;
				CLANG_WARN_NON_LITERAL_NULL_CONVERSION = YES;
				CLANG_WARN_OBJC_IMPLICIT_RETAIN_SELF = YES;
				CLANG_WARN_OBJC_LITERAL_CONVERSION = YES;
				CLANG_WARN_OBJC_ROOT_CLASS = YES_ERROR;
				CLANG_WARN_RANGE_LOOP_ANALYSIS = YES;
				CLANG_WARN_STRICT_PROTOTYPES = YES;
				CLANG_WARN_SUSPICIOUS_MOVE = YES;
				CLANG_WARN_UNGUARDED_AVAILABILITY = YES_AGGRESSIVE;
				CLANG_WARN_UNREACHABLE_CODE = YES;
				CLANG_WARN__DUPLICATE_METHOD_MATCH = YES;
				CODE_SIGN_IDENTITY = "iPhone Developer";
				COPY_PHASE_STRIP = NO;
				DEBUG_INFORMATION_FORMAT = dwarf;
				ENABLE_STRICT_OBJC_MSGSEND = YES;
				ENABLE_TESTABILITY = YES;
				GCC_C_LANGUAGE_STANDARD = gnu11;
				GCC_DYNAMIC_NO_PIC = NO;
				GCC_NO_COMMON_BLOCKS = YES;
				GCC_OPTIMIZATION_LEVEL = 0;
				GCC_PREPROCESSOR_DEFINITIONS = (
					"DEBUG=1",
					"$(inherited)",
				);
				GCC_WARN_64_TO_32_BIT_CONVERSION = YES;
				GCC_WARN_ABOUT_RETURN_TYPE = YES_ERROR;
				GCC_WARN_UNDECLARED_SELECTOR = YES;
				GCC_WARN_UNINITIALIZED_AUTOS = YES_AGGRESSIVE;
				GCC_WARN_UNUSED_FUNCTION = YES;
				GCC_WARN_UNUSED_VARIABLE = YES;
				IPHONEOS_DEPLOYMENT_TARGET = 12.0;
				MTL_ENABLE_DEBUG_INFO = INCLUDE_SOURCE;
				MTL_FAST_MATH = YES;
				ONLY_ACTIVE_ARCH = YES;
				SDKROOT = iphoneos;
			};
			name = Debug;
		};
		29496D0F218835CD00C7438B /* Release */ = {
			isa = XCBuildConfiguration;
			buildSettings = {
				ALWAYS_SEARCH_USER_PATHS = NO;
				CLANG_ANALYZER_NONNULL = YES;
				CLANG_ANALYZER_NUMBER_OBJECT_CONVERSION = YES_AGGRESSIVE;
				CLANG_CXX_LANGUAGE_STANDARD = "gnu++14";
				CLANG_CXX_LIBRARY = "libc++";
				CLANG_ENABLE_MODULES = YES;
				CLANG_ENABLE_OBJC_ARC = YES;
				CLANG_ENABLE_OBJC_WEAK = YES;
				CLANG_WARN_BLOCK_CAPTURE_AUTORELEASING = YES;
				CLANG_WARN_BOOL_CONVERSION = YES;
				CLANG_WARN_COMMA = YES;
				CLANG_WARN_CONSTANT_CONVERSION = YES;
				CLANG_WARN_DEPRECATED_OBJC_IMPLEMENTATIONS = YES;
				CLANG_WARN_DIRECT_OBJC_ISA_USAGE = YES_ERROR;
				CLANG_WARN_DOCUMENTATION_COMMENTS = YES;
				CLANG_WARN_EMPTY_BODY = YES;
				CLANG_WARN_ENUM_CONVERSION = YES;
				CLANG_WARN_INFINITE_RECURSION = YES;
				CLANG_WARN_INT_CONVERSION = YES;
				CLANG_WARN_NON_LITERAL_NULL_CONVERSION = YES;
				CLANG_WARN_OBJC_IMPLICIT_RETAIN_SELF = YES;
				CLANG_WARN_OBJC_LITERAL_CONVERSION = YES;
				CLANG_WARN_OBJC_ROOT_CLASS = YES_ERROR;
				CLANG_WARN_RANGE_LOOP_ANALYSIS = YES;
				CLANG_WARN_STRICT_PROTOTYPES = YES;
				CLANG_WARN_SUSPICIOUS_MOVE = YES;
				CLANG_WARN_UNGUARDED_AVAILABILITY = YES_AGGRESSIVE;
				CLANG_WARN_UNREACHABLE_CODE = YES;
				CLANG_WARN__DUPLICATE_METHOD_MATCH = YES;
				CODE_SIGN_IDENTITY = "iPhone Developer";
				COPY_PHASE_STRIP = NO;
				DEBUG_INFORMATION_FORMAT = "dwarf-with-dsym";
				ENABLE_NS_ASSERTIONS = NO;
				ENABLE_STRICT_OBJC_MSGSEND = YES;
				GCC_C_LANGUAGE_STANDARD = gnu11;
				GCC_NO_COMMON_BLOCKS = YES;
				GCC_WARN_64_TO_32_BIT_CONVERSION = YES;
				GCC_WARN_ABOUT_RETURN_TYPE = YES_ERROR;
				GCC_WARN_UNDECLARED_SELECTOR = YES;
				GCC_WARN_UNINITIALIZED_AUTOS = YES_AGGRESSIVE;
				GCC_WARN_UNUSED_FUNCTION = YES;
				GCC_WARN_UNUSED_VARIABLE = YES;
				IPHONEOS_DEPLOYMENT_TARGET = 12.0;
				MTL_ENABLE_DEBUG_INFO = NO;
				MTL_FAST_MATH = YES;
				SDKROOT = iphoneos;
				VALIDATE_PRODUCT = YES;
			};
			name = Release;
		};
		29496D11218835CD00C7438B /* Debug */ = {
			isa = XCBuildConfiguration;
			buildSettings = {
				ASSETCATALOG_COMPILER_APPICON_NAME = AppIcon;
				CODE_SIGN_STYLE = Manual;
				DEVELOPMENT_TEAM = 9PP7H47LPG;
				GCC_PREFIX_HEADER = "$(SRCROOT)/DJRouterDemo/PrefixHeader.pch";
				INFOPLIST_FILE = DJRouterDemo/Info.plist;
				IPHONEOS_DEPLOYMENT_TARGET = 12.0;
				LD_RUNPATH_SEARCH_PATHS = (
					"$(inherited)",
					"@executable_path/Frameworks",
				);
				PRODUCT_BUNDLE_IDENTIFIER = com.xxxx.DJRouterDemo;
				PRODUCT_NAME = "$(TARGET_NAME)";
				PROVISIONING_PROFILE_SPECIFIER = "development all";
				TARGETED_DEVICE_FAMILY = 1;
			};
			name = Debug;
		};
		29496D12218835CD00C7438B /* Release */ = {
			isa = XCBuildConfiguration;
			buildSettings = {
				ASSETCATALOG_COMPILER_APPICON_NAME = AppIcon;
				CODE_SIGN_IDENTITY = "iPhone Distribution";
				CODE_SIGN_STYLE = Manual;
				DEVELOPMENT_TEAM = 9PP7H47LPG;
				GCC_PREFIX_HEADER = "$(SRCROOT)/DJRouterDemo/PrefixHeader.pch";
				INFOPLIST_FILE = DJRouterDemo/Info.plist;
				IPHONEOS_DEPLOYMENT_TARGET = 12.0;
				LD_RUNPATH_SEARCH_PATHS = (
					"$(inherited)",
					"@executable_path/Frameworks",
				);
				PRODUCT_BUNDLE_IDENTIFIER = com.xxxx.DJRouterDemo;
				PRODUCT_NAME = "$(TARGET_NAME)";
				PROVISIONING_PROFILE_SPECIFIER = "inhouse all";
				TARGETED_DEVICE_FAMILY = 1;
			};
			name = Release;
		};
/* End XCBuildConfiguration section */

/* Begin XCConfigurationList section */
		29496CF5218835CB00C7438B /* Build configuration list for PBXProject "DJRouterDemo" */ = {
			isa = XCConfigurationList;
			buildConfigurations = (
				29496D0E218835CD00C7438B /* Debug */,
				29496D0F218835CD00C7438B /* Release */,
			);
			defaultConfigurationIsVisible = 0;
			defaultConfigurationName = Release;
		};
		29496D10218835CD00C7438B /* Build configuration list for PBXNativeTarget "DJRouterDemo" */ = {
			isa = XCConfigurationList;
			buildConfigurations = (
				29496D11218835CD00C7438B /* Debug */,
				29496D12218835CD00C7438B /* Release */,
			);
			defaultConfigurationIsVisible = 0;
			defaultConfigurationName = Release;
		};
/* End XCConfigurationList section */
	};
	rootObject = 29496CF2218835CB00C7438B /* Project object */;
}
